// !$*UTF8*$!
{
	archiveVersion = 1;
	classes = {
	};
	objectVersion = 46;
	objects = {

/* Begin PBXBuildFile section */
		FD0430D11B06EEFD0049970C /* main.m in Sources */ = {isa = PBXBuildFile; fileRef = FD0430D01B06EEFD0049970C /* main.m */; };
		FD0430D41B06EEFD0049970C /* AppDelegate.m in Sources */ = {isa = PBXBuildFile; fileRef = FD0430D31B06EEFD0049970C /* AppDelegate.m */; };
		FD0430D71B06EEFD0049970C /* ViewController.m in Sources */ = {isa = PBXBuildFile; fileRef = FD0430D61B06EEFD0049970C /* ViewController.m */; };
		FD0430DA1B06EEFD0049970C /* Main.storyboard in Resources */ = {isa = PBXBuildFile; fileRef = FD0430D81B06EEFD0049970C /* Main.storyboard */; };
		FD0430DC1B06EEFD0049970C /* Images.xcassets in Resources */ = {isa = PBXBuildFile; fileRef = FD0430DB1B06EEFD0049970C /* Images.xcassets */; };
		FD0430DF1B06EEFD0049970C /* LaunchScreen.xib in Resources */ = {isa = PBXBuildFile; fileRef = FD0430DD1B06EEFD0049970C /* LaunchScreen.xib */; };
		FD0430EB1B06EEFD0049970C /* WaterFallViewTests.m in Sources */ = {isa = PBXBuildFile; fileRef = FD0430EA1B06EEFD0049970C /* WaterFallViewTests.m */; };
		FD0430FA1B06F5750049970C /* ZHBWaterFallView.m in Sources */ = {isa = PBXBuildFile; fileRef = FD0430F91B06F5750049970C /* ZHBWaterFallView.m */; };
		FD0430FD1B06F88D0049970C /* ZHBWaterFallViewCell.m in Sources */ = {isa = PBXBuildFile; fileRef = FD0430FC1B06F88D0049970C /* ZHBWaterFallViewCell.m */; };
		FD0431001B076D930049970C /* WaterFallCell.m in Sources */ = {isa = PBXBuildFile; fileRef = FD0430FF1B076D930049970C /* WaterFallCell.m */; };
		FD0431231B0770970049970C /* MKAnnotationView+WebCache.m in Sources */ = {isa = PBXBuildFile; fileRef = FD0431031B0770970049970C /* MKAnnotationView+WebCache.m */; };
		FD0431241B0770970049970C /* NSData+ImageContentType.m in Sources */ = {isa = PBXBuildFile; fileRef = FD0431051B0770970049970C /* NSData+ImageContentType.m */; };
		FD0431251B0770970049970C /* SDImageCache.m in Sources */ = {isa = PBXBuildFile; fileRef = FD0431071B0770970049970C /* SDImageCache.m */; };
		FD0431261B0770970049970C /* SDWebImageCompat.m in Sources */ = {isa = PBXBuildFile; fileRef = FD0431091B0770970049970C /* SDWebImageCompat.m */; };
		FD0431271B0770970049970C /* SDWebImageDecoder.m in Sources */ = {isa = PBXBuildFile; fileRef = FD04310B1B0770970049970C /* SDWebImageDecoder.m */; };
		FD0431281B0770970049970C /* SDWebImageDownloader.m in Sources */ = {isa = PBXBuildFile; fileRef = FD04310D1B0770970049970C /* SDWebImageDownloader.m */; };
		FD0431291B0770970049970C /* SDWebImageDownloaderOperation.m in Sources */ = {isa = PBXBuildFile; fileRef = FD04310F1B0770970049970C /* SDWebImageDownloaderOperation.m */; };
		FD04312A1B0770970049970C /* SDWebImageManager.m in Sources */ = {isa = PBXBuildFile; fileRef = FD0431111B0770970049970C /* SDWebImageManager.m */; };
		FD04312B1B0770970049970C /* SDWebImagePrefetcher.m in Sources */ = {isa = PBXBuildFile; fileRef = FD0431141B0770970049970C /* SDWebImagePrefetcher.m */; };
		FD04312C1B0770970049970C /* UIButton+WebCache.m in Sources */ = {isa = PBXBuildFile; fileRef = FD0431161B0770970049970C /* UIButton+WebCache.m */; };
		FD04312D1B0770970049970C /* UIImage+GIF.m in Sources */ = {isa = PBXBuildFile; fileRef = FD0431181B0770970049970C /* UIImage+GIF.m */; };
		FD04312E1B0770970049970C /* UIImage+MultiFormat.m in Sources */ = {isa = PBXBuildFile; fileRef = FD04311A1B0770970049970C /* UIImage+MultiFormat.m */; };
		FD04312F1B0770970049970C /* UIImage+WebP.m in Sources */ = {isa = PBXBuildFile; fileRef = FD04311C1B0770970049970C /* UIImage+WebP.m */; };
		FD0431301B0770970049970C /* UIImageView+HighlightedWebCache.m in Sources */ = {isa = PBXBuildFile; fileRef = FD04311E1B0770970049970C /* UIImageView+HighlightedWebCache.m */; };
		FD0431311B0770970049970C /* UIImageView+WebCache.m in Sources */ = {isa = PBXBuildFile; fileRef = FD0431201B0770970049970C /* UIImageView+WebCache.m */; };
		FD0431321B0770970049970C /* UIView+WebCacheOperation.m in Sources */ = {isa = PBXBuildFile; fileRef = FD0431221B0770970049970C /* UIView+WebCacheOperation.m */; };
		FD0431351B0772F20049970C /* act.png in Resources */ = {isa = PBXBuildFile; fileRef = FD0431341B0772F20049970C /* act.png */; };
		FD04313C1B07A0D10049970C /* ZHBRefreshScrollView.m in Sources */ = {isa = PBXBuildFile; fileRef = FD04313B1B07A0D10049970C /* ZHBRefreshScrollView.m */; };
		FD1B2A181B0A27FA00D0FCB1 /* ZHBRefreshFooterView.m in Sources */ = {isa = PBXBuildFile; fileRef = FD1B2A171B0A27FA00D0FCB1 /* ZHBRefreshFooterView.m */; };
		FD38D87C1B08C294002A7144 /* ZHBRefreshIndictorView.m in Sources */ = {isa = PBXBuildFile; fileRef = FD38D87B1B08C294002A7144 /* ZHBRefreshIndictorView.m */; };
		FD38D87E1B08E22B002A7144 /* arrow-01.png in Resources */ = {isa = PBXBuildFile; fileRef = FD38D87D1B08E22B002A7144 /* arrow-01.png */; };
		FDAE06A41B1A129A00475917 /* example1.png in Resources */ = {isa = PBXBuildFile; fileRef = FDAE06A21B1A129A00475917 /* example1.png */; };
		FDAE06A51B1A129A00475917 /* example2.png in Resources */ = {isa = PBXBuildFile; fileRef = FDAE06A31B1A129A00475917 /* example2.png */; };
		FDF812381B08BCA60000754E /* MMMaterialDesignSpinner.m in Sources */ = {isa = PBXBuildFile; fileRef = FDF812371B08BCA60000754E /* MMMaterialDesignSpinner.m */; };
/* End PBXBuildFile section */

/* Begin PBXContainerItemProxy section */
		FD0430E51B06EEFD0049970C /* PBXContainerItemProxy */ = {
			isa = PBXContainerItemProxy;
			containerPortal = FD0430C31B06EEFD0049970C /* Project object */;
			proxyType = 1;
			remoteGlobalIDString = FD0430CA1B06EEFD0049970C;
			remoteInfo = WaterFallView;
		};
/* End PBXContainerItemProxy section */

/* Begin PBXFileReference section */
		FD0430CB1B06EEFD0049970C /* WaterFallView.app */ = {isa = PBXFileReference; explicitFileType = wrapper.application; includeInIndex = 0; path = WaterFallView.app; sourceTree = BUILT_PRODUCTS_DIR; };
		FD0430CF1B06EEFD0049970C /* Info.plist */ = {isa = PBXFileReference; lastKnownFileType = text.plist.xml; path = Info.plist; sourceTree = "<group>"; };
		FD0430D01B06EEFD0049970C /* main.m */ = {isa = PBXFileReference; lastKnownFileType = sourcecode.c.objc; path = main.m; sourceTree = "<group>"; };
		FD0430D21B06EEFD0049970C /* AppDelegate.h */ = {isa = PBXFileReference; lastKnownFileType = sourcecode.c.h; path = AppDelegate.h; sourceTree = "<group>"; };
		FD0430D31B06EEFD0049970C /* AppDelegate.m */ = {isa = PBXFileReference; lastKnownFileType = sourcecode.c.objc; path = AppDelegate.m; sourceTree = "<group>"; };
		FD0430D51B06EEFD0049970C /* ViewController.h */ = {isa = PBXFileReference; lastKnownFileType = sourcecode.c.h; path = ViewController.h; sourceTree = "<group>"; };
		FD0430D61B06EEFD0049970C /* ViewController.m */ = {isa = PBXFileReference; lastKnownFileType = sourcecode.c.objc; path = ViewController.m; sourceTree = "<group>"; };
		FD0430D91B06EEFD0049970C /* Base */ = {isa = PBXFileReference; lastKnownFileType = file.storyboard; name = Base; path = Base.lproj/Main.storyboard; sourceTree = "<group>"; };
		FD0430DB1B06EEFD0049970C /* Images.xcassets */ = {isa = PBXFileReference; lastKnownFileType = folder.assetcatalog; path = Images.xcassets; sourceTree = "<group>"; };
		FD0430DE1B06EEFD0049970C /* Base */ = {isa = PBXFileReference; lastKnownFileType = file.xib; name = Base; path = Base.lproj/LaunchScreen.xib; sourceTree = "<group>"; };
		FD0430E41B06EEFD0049970C /* WaterFallViewTests.xctest */ = {isa = PBXFileReference; explicitFileType = wrapper.cfbundle; includeInIndex = 0; path = WaterFallViewTests.xctest; sourceTree = BUILT_PRODUCTS_DIR; };
		FD0430E91B06EEFD0049970C /* Info.plist */ = {isa = PBXFileReference; lastKnownFileType = text.plist.xml; path = Info.plist; sourceTree = "<group>"; };
		FD0430EA1B06EEFD0049970C /* WaterFallViewTests.m */ = {isa = PBXFileReference; lastKnownFileType = sourcecode.c.objc; path = WaterFallViewTests.m; sourceTree = "<group>"; };
		FD0430F81B06F5750049970C /* ZHBWaterFallView.h */ = {isa = PBXFileReference; fileEncoding = 4; lastKnownFileType = sourcecode.c.h; path = ZHBWaterFallView.h; sourceTree = "<group>"; };
		FD0430F91B06F5750049970C /* ZHBWaterFallView.m */ = {isa = PBXFileReference; fileEncoding = 4; lastKnownFileType = sourcecode.c.objc; path = ZHBWaterFallView.m; sourceTree = "<group>"; };
		FD0430FB1B06F88D0049970C /* ZHBWaterFallViewCell.h */ = {isa = PBXFileReference; fileEncoding = 4; lastKnownFileType = sourcecode.c.h; path = ZHBWaterFallViewCell.h; sourceTree = "<group>"; };
		FD0430FC1B06F88D0049970C /* ZHBWaterFallViewCell.m */ = {isa = PBXFileReference; fileEncoding = 4; lastKnownFileType = sourcecode.c.objc; path = ZHBWaterFallViewCell.m; sourceTree = "<group>"; };
		FD0430FE1B076D920049970C /* WaterFallCell.h */ = {isa = PBXFileReference; fileEncoding = 4; lastKnownFileType = sourcecode.c.h; path = WaterFallCell.h; sourceTree = "<group>"; };
		FD0430FF1B076D930049970C /* WaterFallCell.m */ = {isa = PBXFileReference; fileEncoding = 4; lastKnownFileType = sourcecode.c.objc; path = WaterFallCell.m; sourceTree = "<group>"; };
		FD0431021B0770970049970C /* MKAnnotationView+WebCache.h */ = {isa = PBXFileReference; fileEncoding = 4; lastKnownFileType = sourcecode.c.h; path = "MKAnnotationView+WebCache.h"; sourceTree = "<group>"; };
		FD0431031B0770970049970C /* MKAnnotationView+WebCache.m */ = {isa = PBXFileReference; fileEncoding = 4; lastKnownFileType = sourcecode.c.objc; path = "MKAnnotationView+WebCache.m"; sourceTree = "<group>"; };
		FD0431041B0770970049970C /* NSData+ImageContentType.h */ = {isa = PBXFileReference; fileEncoding = 4; lastKnownFileType = sourcecode.c.h; path = "NSData+ImageContentType.h"; sourceTree = "<group>"; };
		FD0431051B0770970049970C /* NSData+ImageContentType.m */ = {isa = PBXFileReference; fileEncoding = 4; lastKnownFileType = sourcecode.c.objc; path = "NSData+ImageContentType.m"; sourceTree = "<group>"; };
		FD0431061B0770970049970C /* SDImageCache.h */ = {isa = PBXFileReference; fileEncoding = 4; lastKnownFileType = sourcecode.c.h; path = SDImageCache.h; sourceTree = "<group>"; };
		FD0431071B0770970049970C /* SDImageCache.m */ = {isa = PBXFileReference; fileEncoding = 4; lastKnownFileType = sourcecode.c.objc; path = SDImageCache.m; sourceTree = "<group>"; };
		FD0431081B0770970049970C /* SDWebImageCompat.h */ = {isa = PBXFileReference; fileEncoding = 4; lastKnownFileType = sourcecode.c.h; path = SDWebImageCompat.h; sourceTree = "<group>"; };
		FD0431091B0770970049970C /* SDWebImageCompat.m */ = {isa = PBXFileReference; fileEncoding = 4; lastKnownFileType = sourcecode.c.objc; path = SDWebImageCompat.m; sourceTree = "<group>"; };
		FD04310A1B0770970049970C /* SDWebImageDecoder.h */ = {isa = PBXFileReference; fileEncoding = 4; lastKnownFileType = sourcecode.c.h; path = SDWebImageDecoder.h; sourceTree = "<group>"; };
		FD04310B1B0770970049970C /* SDWebImageDecoder.m */ = {isa = PBXFileReference; fileEncoding = 4; lastKnownFileType = sourcecode.c.objc; path = SDWebImageDecoder.m; sourceTree = "<group>"; };
		FD04310C1B0770970049970C /* SDWebImageDownloader.h */ = {isa = PBXFileReference; fileEncoding = 4; lastKnownFileType = sourcecode.c.h; path = SDWebImageDownloader.h; sourceTree = "<group>"; };
		FD04310D1B0770970049970C /* SDWebImageDownloader.m */ = {isa = PBXFileReference; fileEncoding = 4; lastKnownFileType = sourcecode.c.objc; path = SDWebImageDownloader.m; sourceTree = "<group>"; };
		FD04310E1B0770970049970C /* SDWebImageDownloaderOperation.h */ = {isa = PBXFileReference; fileEncoding = 4; lastKnownFileType = sourcecode.c.h; path = SDWebImageDownloaderOperation.h; sourceTree = "<group>"; };
		FD04310F1B0770970049970C /* SDWebImageDownloaderOperation.m */ = {isa = PBXFileReference; fileEncoding = 4; lastKnownFileType = sourcecode.c.objc; path = SDWebImageDownloaderOperation.m; sourceTree = "<group>"; };
		FD0431101B0770970049970C /* SDWebImageManager.h */ = {isa = PBXFileReference; fileEncoding = 4; lastKnownFileType = sourcecode.c.h; path = SDWebImageManager.h; sourceTree = "<group>"; };
		FD0431111B0770970049970C /* SDWebImageManager.m */ = {isa = PBXFileReference; fileEncoding = 4; lastKnownFileType = sourcecode.c.objc; path = SDWebImageManager.m; sourceTree = "<group>"; };
		FD0431121B0770970049970C /* SDWebImageOperation.h */ = {isa = PBXFileReference; fileEncoding = 4; lastKnownFileType = sourcecode.c.h; path = SDWebImageOperation.h; sourceTree = "<group>"; };
		FD0431131B0770970049970C /* SDWebImagePrefetcher.h */ = {isa = PBXFileReference; fileEncoding = 4; lastKnownFileType = sourcecode.c.h; path = SDWebImagePrefetcher.h; sourceTree = "<group>"; };
		FD0431141B0770970049970C /* SDWebImagePrefetcher.m */ = {isa = PBXFileReference; fileEncoding = 4; lastKnownFileType = sourcecode.c.objc; path = SDWebImagePrefetcher.m; sourceTree = "<group>"; };
		FD0431151B0770970049970C /* UIButton+WebCache.h */ = {isa = PBXFileReference; fileEncoding = 4; lastKnownFileType = sourcecode.c.h; path = "UIButton+WebCache.h"; sourceTree = "<group>"; };
		FD0431161B0770970049970C /* UIButton+WebCache.m */ = {isa = PBXFileReference; fileEncoding = 4; lastKnownFileType = sourcecode.c.objc; path = "UIButton+WebCache.m"; sourceTree = "<group>"; };
		FD0431171B0770970049970C /* UIImage+GIF.h */ = {isa = PBXFileReference; fileEncoding = 4; lastKnownFileType = sourcecode.c.h; path = "UIImage+GIF.h"; sourceTree = "<group>"; };
		FD0431181B0770970049970C /* UIImage+GIF.m */ = {isa = PBXFileReference; fileEncoding = 4; lastKnownFileType = sourcecode.c.objc; path = "UIImage+GIF.m"; sourceTree = "<group>"; };
		FD0431191B0770970049970C /* UIImage+MultiFormat.h */ = {isa = PBXFileReference; fileEncoding = 4; lastKnownFileType = sourcecode.c.h; path = "UIImage+MultiFormat.h"; sourceTree = "<group>"; };
		FD04311A1B0770970049970C /* UIImage+MultiFormat.m */ = {isa = PBXFileReference; fileEncoding = 4; lastKnownFileType = sourcecode.c.objc; path = "UIImage+MultiFormat.m"; sourceTree = "<group>"; };
		FD04311B1B0770970049970C /* UIImage+WebP.h */ = {isa = PBXFileReference; fileEncoding = 4; lastKnownFileType = sourcecode.c.h; path = "UIImage+WebP.h"; sourceTree = "<group>"; };
		FD04311C1B0770970049970C /* UIImage+WebP.m */ = {isa = PBXFileReference; fileEncoding = 4; lastKnownFileType = sourcecode.c.objc; path = "UIImage+WebP.m"; sourceTree = "<group>"; };
		FD04311D1B0770970049970C /* UIImageView+HighlightedWebCache.h */ = {isa = PBXFileReference; fileEncoding = 4; lastKnownFileType = sourcecode.c.h; path = "UIImageView+HighlightedWebCache.h"; sourceTree = "<group>"; };
		FD04311E1B0770970049970C /* UIImageView+HighlightedWebCache.m */ = {isa = PBXFileReference; fileEncoding = 4; lastKnownFileType = sourcecode.c.objc; path = "UIImageView+HighlightedWebCache.m"; sourceTree = "<group>"; };
		FD04311F1B0770970049970C /* UIImageView+WebCache.h */ = {isa = PBXFileReference; fileEncoding = 4; lastKnownFileType = sourcecode.c.h; path = "UIImageView+WebCache.h"; sourceTree = "<group>"; };
		FD0431201B0770970049970C /* UIImageView+WebCache.m */ = {isa = PBXFileReference; fileEncoding = 4; lastKnownFileType = sourcecode.c.objc; path = "UIImageView+WebCache.m"; sourceTree = "<group>"; };
		FD0431211B0770970049970C /* UIView+WebCacheOperation.h */ = {isa = PBXFileReference; fileEncoding = 4; lastKnownFileType = sourcecode.c.h; path = "UIView+WebCacheOperation.h"; sourceTree = "<group>"; };
		FD0431221B0770970049970C /* UIView+WebCacheOperation.m */ = {isa = PBXFileReference; fileEncoding = 4; lastKnownFileType = sourcecode.c.objc; path = "UIView+WebCacheOperation.m"; sourceTree = "<group>"; };
		FD0431341B0772F20049970C /* act.png */ = {isa = PBXFileReference; lastKnownFileType = image.png; path = act.png; sourceTree = "<group>"; };
		FD04313A1B07A0D10049970C /* ZHBRefreshScrollView.h */ = {isa = PBXFileReference; fileEncoding = 4; lastKnownFileType = sourcecode.c.h; path = ZHBRefreshScrollView.h; sourceTree = "<group>"; };
		FD04313B1B07A0D10049970C /* ZHBRefreshScrollView.m */ = {isa = PBXFileReference; fileEncoding = 4; lastKnownFileType = sourcecode.c.objc; path = ZHBRefreshScrollView.m; sourceTree = "<group>"; };
		FD1B2A161B0A27FA00D0FCB1 /* ZHBRefreshFooterView.h */ = {isa = PBXFileReference; fileEncoding = 4; lastKnownFileType = sourcecode.c.h; path = ZHBRefreshFooterView.h; sourceTree = "<group>"; };
		FD1B2A171B0A27FA00D0FCB1 /* ZHBRefreshFooterView.m */ = {isa = PBXFileReference; fileEncoding = 4; lastKnownFileType = sourcecode.c.objc; path = ZHBRefreshFooterView.m; sourceTree = "<group>"; };
		FD38D87A1B08C294002A7144 /* ZHBRefreshIndictorView.h */ = {isa = PBXFileReference; fileEncoding = 4; lastKnownFileType = sourcecode.c.h; path = ZHBRefreshIndictorView.h; sourceTree = "<group>"; };
		FD38D87B1B08C294002A7144 /* ZHBRefreshIndictorView.m */ = {isa = PBXFileReference; fileEncoding = 4; lastKnownFileType = sourcecode.c.objc; path = ZHBRefreshIndictorView.m; sourceTree = "<group>"; };
		FD38D87D1B08E22B002A7144 /* arrow-01.png */ = {isa = PBXFileReference; lastKnownFileType = image.png; path = "arrow-01.png"; sourceTree = "<group>"; };
		FDAE06A21B1A129A00475917 /* example1.png */ = {isa = PBXFileReference; lastKnownFileType = image.png; name = example1.png; path = ../../example1.png; sourceTree = "<group>"; };
		FDAE06A31B1A129A00475917 /* example2.png */ = {isa = PBXFileReference; lastKnownFileType = image.png; name = example2.png; path = ../../example2.png; sourceTree = "<group>"; };
		FDF812361B08BCA60000754E /* MMMaterialDesignSpinner.h */ = {isa = PBXFileReference; fileEncoding = 4; lastKnownFileType = sourcecode.c.h; path = MMMaterialDesignSpinner.h; sourceTree = "<group>"; };
		FDF812371B08BCA60000754E /* MMMaterialDesignSpinner.m */ = {isa = PBXFileReference; fileEncoding = 4; lastKnownFileType = sourcecode.c.objc; path = MMMaterialDesignSpinner.m; sourceTree = "<group>"; };
/* End PBXFileReference section */

/* Begin PBXFrameworksBuildPhase section */
		FD0430C81B06EEFD0049970C /* Frameworks */ = {
			isa = PBXFrameworksBuildPhase;
			buildActionMask = 2147483647;
			files = (
			);
			runOnlyForDeploymentPostprocessing = 0;
		};
		FD0430E11B06EEFD0049970C /* Frameworks */ = {
			isa = PBXFrameworksBuildPhase;
			buildActionMask = 2147483647;
			files = (
			);
			runOnlyForDeploymentPostprocessing = 0;
		};
/* End PBXFrameworksBuildPhase section */

/* Begin PBXGroup section */
		FD0430C21B06EEFD0049970C = {
			isa = PBXGroup;
			children = (
				FD0430CD1B06EEFD0049970C /* WaterFallView */,
				FD0430E71B06EEFD0049970C /* WaterFallViewTests */,
				FD0430CC1B06EEFD0049970C /* Products */,
			);
			sourceTree = "<group>";
		};
		FD0430CC1B06EEFD0049970C /* Products */ = {
			isa = PBXGroup;
			children = (
				FD0430CB1B06EEFD0049970C /* WaterFallView.app */,
				FD0430E41B06EEFD0049970C /* WaterFallViewTests.xctest */,
			);
			name = Products;
			sourceTree = "<group>";
		};
		FD0430CD1B06EEFD0049970C /* WaterFallView */ = {
			isa = PBXGroup;
			children = (
				FDF812351B08BCA60000754E /* MMMaterialDesignSpinner */,
				FD0431361B0784F40049970C /* PullToRefresh */,
				FD0431011B0770970049970C /* SDWebImage */,
				FD0430F41B06EFDB0049970C /* WaterFall */,
				FD0430D21B06EEFD0049970C /* AppDelegate.h */,
				FD0430D31B06EEFD0049970C /* AppDelegate.m */,
				FD0430D51B06EEFD0049970C /* ViewController.h */,
				FD0430D61B06EEFD0049970C /* ViewController.m */,
				FD0430FE1B076D920049970C /* WaterFallCell.h */,
				FD0430FF1B076D930049970C /* WaterFallCell.m */,
				FD0430D81B06EEFD0049970C /* Main.storyboard */,
				FD0430DB1B06EEFD0049970C /* Images.xcassets */,
				FD0430DD1B06EEFD0049970C /* LaunchScreen.xib */,
				FD0430CE1B06EEFD0049970C /* Supporting Files */,
			);
			path = WaterFallView;
			sourceTree = "<group>";
		};
		FD0430CE1B06EEFD0049970C /* Supporting Files */ = {
			isa = PBXGroup;
			children = (
				FDAE06A21B1A129A00475917 /* example1.png */,
				FDAE06A31B1A129A00475917 /* example2.png */,
				FD38D87D1B08E22B002A7144 /* arrow-01.png */,
				FD0431341B0772F20049970C /* act.png */,
				FD0430CF1B06EEFD0049970C /* Info.plist */,
				FD0430D01B06EEFD0049970C /* main.m */,
			);
			name = "Supporting Files";
			sourceTree = "<group>";
		};
		FD0430E71B06EEFD0049970C /* WaterFallViewTests */ = {
			isa = PBXGroup;
			children = (
				FD0430EA1B06EEFD0049970C /* WaterFallViewTests.m */,
				FD0430E81B06EEFD0049970C /* Supporting Files */,
			);
			path = WaterFallViewTests;
			sourceTree = "<group>";
		};
		FD0430E81B06EEFD0049970C /* Supporting Files */ = {
			isa = PBXGroup;
			children = (
				FD0430E91B06EEFD0049970C /* Info.plist */,
			);
			name = "Supporting Files";
			sourceTree = "<group>";
		};
		FD0430F41B06EFDB0049970C /* WaterFall */ = {
			isa = PBXGroup;
			children = (
				FD0430F81B06F5750049970C /* ZHBWaterFallView.h */,
				FD0430F91B06F5750049970C /* ZHBWaterFallView.m */,
				FD0430FB1B06F88D0049970C /* ZHBWaterFallViewCell.h */,
				FD0430FC1B06F88D0049970C /* ZHBWaterFallViewCell.m */,
			);
			path = WaterFall;
			sourceTree = "<group>";
		};
		FD0431011B0770970049970C /* SDWebImage */ = {
			isa = PBXGroup;
			children = (
				FD0431021B0770970049970C /* MKAnnotationView+WebCache.h */,
				FD0431031B0770970049970C /* MKAnnotationView+WebCache.m */,
				FD0431041B0770970049970C /* NSData+ImageContentType.h */,
				FD0431051B0770970049970C /* NSData+ImageContentType.m */,
				FD0431061B0770970049970C /* SDImageCache.h */,
				FD0431071B0770970049970C /* SDImageCache.m */,
				FD0431081B0770970049970C /* SDWebImageCompat.h */,
				FD0431091B0770970049970C /* SDWebImageCompat.m */,
				FD04310A1B0770970049970C /* SDWebImageDecoder.h */,
				FD04310B1B0770970049970C /* SDWebImageDecoder.m */,
				FD04310C1B0770970049970C /* SDWebImageDownloader.h */,
				FD04310D1B0770970049970C /* SDWebImageDownloader.m */,
				FD04310E1B0770970049970C /* SDWebImageDownloaderOperation.h */,
				FD04310F1B0770970049970C /* SDWebImageDownloaderOperation.m */,
				FD0431101B0770970049970C /* SDWebImageManager.h */,
				FD0431111B0770970049970C /* SDWebImageManager.m */,
				FD0431121B0770970049970C /* SDWebImageOperation.h */,
				FD0431131B0770970049970C /* SDWebImagePrefetcher.h */,
				FD0431141B0770970049970C /* SDWebImagePrefetcher.m */,
				FD0431151B0770970049970C /* UIButton+WebCache.h */,
				FD0431161B0770970049970C /* UIButton+WebCache.m */,
				FD0431171B0770970049970C /* UIImage+GIF.h */,
				FD0431181B0770970049970C /* UIImage+GIF.m */,
				FD0431191B0770970049970C /* UIImage+MultiFormat.h */,
				FD04311A1B0770970049970C /* UIImage+MultiFormat.m */,
				FD04311B1B0770970049970C /* UIImage+WebP.h */,
				FD04311C1B0770970049970C /* UIImage+WebP.m */,
				FD04311D1B0770970049970C /* UIImageView+HighlightedWebCache.h */,
				FD04311E1B0770970049970C /* UIImageView+HighlightedWebCache.m */,
				FD04311F1B0770970049970C /* UIImageView+WebCache.h */,
				FD0431201B0770970049970C /* UIImageView+WebCache.m */,
				FD0431211B0770970049970C /* UIView+WebCacheOperation.h */,
				FD0431221B0770970049970C /* UIView+WebCacheOperation.m */,
			);
			path = SDWebImage;
			sourceTree = "<group>";
		};
		FD0431361B0784F40049970C /* PullToRefresh */ = {
			isa = PBXGroup;
			children = (
				FD04313A1B07A0D10049970C /* ZHBRefreshScrollView.h */,
				FD04313B1B07A0D10049970C /* ZHBRefreshScrollView.m */,
				FD38D87A1B08C294002A7144 /* ZHBRefreshIndictorView.h */,
				FD38D87B1B08C294002A7144 /* ZHBRefreshIndictorView.m */,
				FD1B2A161B0A27FA00D0FCB1 /* ZHBRefreshFooterView.h */,
				FD1B2A171B0A27FA00D0FCB1 /* ZHBRefreshFooterView.m */,
			);
			path = PullToRefresh;
			sourceTree = "<group>";
		};
		FDF812351B08BCA60000754E /* MMMaterialDesignSpinner */ = {
			isa = PBXGroup;
			children = (
				FDF812361B08BCA60000754E /* MMMaterialDesignSpinner.h */,
				FDF812371B08BCA60000754E /* MMMaterialDesignSpinner.m */,
			);
			path = MMMaterialDesignSpinner;
			sourceTree = "<group>";
		};
/* End PBXGroup section */

/* Begin PBXNativeTarget section */
		FD0430CA1B06EEFD0049970C /* WaterFallView */ = {
			isa = PBXNativeTarget;
			buildConfigurationList = FD0430EE1B06EEFD0049970C /* Build configuration list for PBXNativeTarget "WaterFallView" */;
			buildPhases = (
				FD0430C71B06EEFD0049970C /* Sources */,
				FD0430C81B06EEFD0049970C /* Frameworks */,
				FD0430C91B06EEFD0049970C /* Resources */,
			);
			buildRules = (
			);
			dependencies = (
			);
			name = WaterFallView;
			productName = WaterFallView;
			productReference = FD0430CB1B06EEFD0049970C /* WaterFallView.app */;
			productType = "com.apple.product-type.application";
		};
		FD0430E31B06EEFD0049970C /* WaterFallViewTests */ = {
			isa = PBXNativeTarget;
			buildConfigurationList = FD0430F11B06EEFD0049970C /* Build configuration list for PBXNativeTarget "WaterFallViewTests" */;
			buildPhases = (
				FD0430E01B06EEFD0049970C /* Sources */,
				FD0430E11B06EEFD0049970C /* Frameworks */,
				FD0430E21B06EEFD0049970C /* Resources */,
			);
			buildRules = (
			);
			dependencies = (
				FD0430E61B06EEFD0049970C /* PBXTargetDependency */,
			);
			name = WaterFallViewTests;
			productName = WaterFallViewTests;
			productReference = FD0430E41B06EEFD0049970C /* WaterFallViewTests.xctest */;
			productType = "com.apple.product-type.bundle.unit-test";
		};
/* End PBXNativeTarget section */

/* Begin PBXProject section */
		FD0430C31B06EEFD0049970C /* Project object */ = {
			isa = PBXProject;
			attributes = {
				LastUpgradeCheck = 0610;
				ORGANIZATIONNAME = zhb;
				TargetAttributes = {
					FD0430CA1B06EEFD0049970C = {
						CreatedOnToolsVersion = 6.1.1;
					};
					FD0430E31B06EEFD0049970C = {
						CreatedOnToolsVersion = 6.1.1;
						TestTargetID = FD0430CA1B06EEFD0049970C;
					};
				};
			};
			buildConfigurationList = FD0430C61B06EEFD0049970C /* Build configuration list for PBXProject "WaterFallView" */;
			compatibilityVersion = "Xcode 3.2";
			developmentRegion = English;
			hasScannedForEncodings = 0;
			knownRegions = (
				en,
				Base,
			);
			mainGroup = FD0430C21B06EEFD0049970C;
			productRefGroup = FD0430CC1B06EEFD0049970C /* Products */;
			projectDirPath = "";
			projectRoot = "";
			targets = (
				FD0430CA1B06EEFD0049970C /* WaterFallView */,
				FD0430E31B06EEFD0049970C /* WaterFallViewTests */,
			);
		};
/* End PBXProject section */

/* Begin PBXResourcesBuildPhase section */
		FD0430C91B06EEFD0049970C /* Resources */ = {
			isa = PBXResourcesBuildPhase;
			buildActionMask = 2147483647;
			files = (
				FD0430DA1B06EEFD0049970C /* Main.storyboard in Resources */,
				FD38D87E1B08E22B002A7144 /* arrow-01.png in Resources */,
				FDAE06A41B1A129A00475917 /* example1.png in Resources */,
				FD0430DF1B06EEFD0049970C /* LaunchScreen.xib in Resources */,
				FDAE06A51B1A129A00475917 /* example2.png in Resources */,
				FD0431351B0772F20049970C /* act.png in Resources */,
				FD0430DC1B06EEFD0049970C /* Images.xcassets in Resources */,
			);
			runOnlyForDeploymentPostprocessing = 0;
		};
		FD0430E21B06EEFD0049970C /* Resources */ = {
			isa = PBXResourcesBuildPhase;
			buildActionMask = 2147483647;
			files = (
			);
			runOnlyForDeploymentPostprocessing = 0;
		};
/* End PBXResourcesBuildPhase section */

/* Begin PBXSourcesBuildPhase section */
		FD0430C71B06EEFD0049970C /* Sources */ = {
			isa = PBXSourcesBuildPhase;
			buildActionMask = 2147483647;
			files = (
				FD0431001B076D930049970C /* WaterFallCell.m in Sources */,
				FD04312A1B0770970049970C /* SDWebImageManager.m in Sources */,
				FD1B2A181B0A27FA00D0FCB1 /* ZHBRefreshFooterView.m in Sources */,
				FD0431251B0770970049970C /* SDImageCache.m in Sources */,
				FD0431291B0770970049970C /* SDWebImageDownloaderOperation.m in Sources */,
				FD0431321B0770970049970C /* UIView+WebCacheOperation.m in Sources */,
				FD0430D71B06EEFD0049970C /* ViewController.m in Sources */,
				FD04312C1B0770970049970C /* UIButton+WebCache.m in Sources */,
				FD0431241B0770970049970C /* NSData+ImageContentType.m in Sources */,
				FD38D87C1B08C294002A7144 /* ZHBRefreshIndictorView.m in Sources */,
				FD04312B1B0770970049970C /* SDWebImagePrefetcher.m in Sources */,
				FD0431281B0770970049970C /* SDWebImageDownloader.m in Sources */,
				FD0430D41B06EEFD0049970C /* AppDelegate.m in Sources */,
				FD04312F1B0770970049970C /* UIImage+WebP.m in Sources */,
				FD0431311B0770970049970C /* UIImageView+WebCache.m in Sources */,
				FD0431271B0770970049970C /* SDWebImageDecoder.m in Sources */,
				FD0430FA1B06F5750049970C /* ZHBWaterFallView.m in Sources */,
				FD0431231B0770970049970C /* MKAnnotationView+WebCache.m in Sources */,
				FD0431261B0770970049970C /* SDWebImageCompat.m in Sources */,
				FD0430FD1B06F88D0049970C /* ZHBWaterFallViewCell.m in Sources */,
				FD0430D11B06EEFD0049970C /* main.m in Sources */,
				FD04312E1B0770970049970C /* UIImage+MultiFormat.m in Sources */,
				FD0431301B0770970049970C /* UIImageView+HighlightedWebCache.m in Sources */,
				FD04313C1B07A0D10049970C /* ZHBRefreshScrollView.m in Sources */,
				FDF812381B08BCA60000754E /* MMMaterialDesignSpinner.m in Sources */,
				FD04312D1B0770970049970C /* UIImage+GIF.m in Sources */,
			);
			runOnlyForDeploymentPostprocessing = 0;
		};
		FD0430E01B06EEFD0049970C /* Sources */ = {
			isa = PBXSourcesBuildPhase;
			buildActionMask = 2147483647;
			files = (
				FD0430EB1B06EEFD0049970C /* WaterFallViewTests.m in Sources */,
			);
			runOnlyForDeploymentPostprocessing = 0;
		};
/* End PBXSourcesBuildPhase section */

/* Begin PBXTargetDependency section */
		FD0430E61B06EEFD0049970C /* PBXTargetDependency */ = {
			isa = PBXTargetDependency;
			target = FD0430CA1B06EEFD0049970C /* WaterFallView */;
			targetProxy = FD0430E51B06EEFD0049970C /* PBXContainerItemProxy */;
		};
/* End PBXTargetDependency section */

/* Begin PBXVariantGroup section */
		FD0430D81B06EEFD0049970C /* Main.storyboard */ = {
			isa = PBXVariantGroup;
			children = (
				FD0430D91B06EEFD0049970C /* Base */,
			);
			name = Main.storyboard;
			sourceTree = "<group>";
		};
		FD0430DD1B06EEFD0049970C /* LaunchScreen.xib */ = {
			isa = PBXVariantGroup;
			children = (
				FD0430DE1B06EEFD0049970C /* Base */,
			);
			name = LaunchScreen.xib;
			sourceTree = "<group>";
		};
/* End PBXVariantGroup section */

/* Begin XCBuildConfiguration section */
		FD0430EC1B06EEFD0049970C /* Debug */ = {
			isa = XCBuildConfiguration;
			buildSettings = {
				ALWAYS_SEARCH_USER_PATHS = NO;
				CLANG_CXX_LANGUAGE_STANDARD = "gnu++0x";
				CLANG_CXX_LIBRARY = "libc++";
				CLANG_ENABLE_MODULES = YES;
				CLANG_ENABLE_OBJC_ARC = YES;
				CLANG_WARN_BOOL_CONVERSION = YES;
				CLANG_WARN_CONSTANT_CONVERSION = YES;
				CLANG_WARN_DIRECT_OBJC_ISA_USAGE = YES_ERROR;
				CLANG_WARN_EMPTY_BODY = YES;
				CLANG_WARN_ENUM_CONVERSION = YES;
				CLANG_WARN_INT_CONVERSION = YES;
				CLANG_WARN_OBJC_ROOT_CLASS = YES_ERROR;
				CLANG_WARN_UNREACHABLE_CODE = YES;
				CLANG_WARN__DUPLICATE_METHOD_MATCH = YES;
				"CODE_SIGN_IDENTITY[sdk=iphoneos*]" = "iPhone Developer";
				COPY_PHASE_STRIP = NO;
				ENABLE_STRICT_OBJC_MSGSEND = YES;
				GCC_C_LANGUAGE_STANDARD = gnu99;
				GCC_DYNAMIC_NO_PIC = NO;
				GCC_OPTIMIZATION_LEVEL = 0;
				GCC_PREPROCESSOR_DEFINITIONS = (
					"DEBUG=1",
					"$(inherited)",
				);
				GCC_SYMBOLS_PRIVATE_EXTERN = NO;
				GCC_WARN_64_TO_32_BIT_CONVERSION = YES;
				GCC_WARN_ABOUT_RETURN_TYPE = YES_ERROR;
				GCC_WARN_UNDECLARED_SELECTOR = YES;
				GCC_WARN_UNINITIALIZED_AUTOS = YES_AGGRESSIVE;
				GCC_WARN_UNUSED_FUNCTION = YES;
				GCC_WARN_UNUSED_VARIABLE = YES;
				IPHONEOS_DEPLOYMENT_TARGET = 8.1;
				MTL_ENABLE_DEBUG_INFO = YES;
				ONLY_ACTIVE_ARCH = YES;
				SDKROOT = iphoneos;
			};
			name = Debug;
		};
		FD0430ED1B06EEFD0049970C /* Release */ = {
			isa = XCBuildConfiguration;
			buildSettings = {
				ALWAYS_SEARCH_USER_PATHS = NO;
				CLANG_CXX_LANGUAGE_STANDARD = "gnu++0x";
				CLANG_CXX_LIBRARY = "libc++";
				CLANG_ENABLE_MODULES = YES;
				CLANG_ENABLE_OBJC_ARC = YES;
				CLANG_WARN_BOOL_CONVERSION = YES;
				CLANG_WARN_CONSTANT_CONVERSION = YES;
				CLANG_WARN_DIRECT_OBJC_ISA_USAGE = YES_ERROR;
				CLANG_WARN_EMPTY_BODY = YES;
				CLANG_WARN_ENUM_CONVERSION = YES;
				CLANG_WARN_INT_CONVERSION = YES;
				CLANG_WARN_OBJC_ROOT_CLASS = YES_ERROR;
				CLANG_WARN_UNREACHABLE_CODE = YES;
				CLANG_WARN__DUPLICATE_METHOD_MATCH = YES;
				"CODE_SIGN_IDENTITY[sdk=iphoneos*]" = "iPhone Developer";
				COPY_PHASE_STRIP = YES;
				ENABLE_NS_ASSERTIONS = NO;
				ENABLE_STRICT_OBJC_MSGSEND = YES;
				GCC_C_LANGUAGE_STANDARD = gnu99;
				GCC_WARN_64_TO_32_BIT_CONVERSION = YES;
				GCC_WARN_ABOUT_RETURN_TYPE = YES_ERROR;
				GCC_WARN_UNDECLARED_SELECTOR = YES;
				GCC_WARN_UNINITIALIZED_AUTOS = YES_AGGRESSIVE;
				GCC_WARN_UNUSED_FUNCTION = YES;
				GCC_WARN_UNUSED_VARIABLE = YES;
				IPHONEOS_DEPLOYMENT_TARGET = 8.1;
				MTL_ENABLE_DEBUG_INFO = NO;
				SDKROOT = iphoneos;
				VALIDATE_PRODUCT = YES;
			};
			name = Release;
		};
		FD0430EF1B06EEFD0049970C /* Debug */ = {
			isa = XCBuildConfiguration;
			buildSettings = {
				ASSETCATALOG_COMPILER_APPICON_NAME = AppIcon;
				INFOPLIST_FILE = WaterFallView/Info.plist;
				LD_RUNPATH_SEARCH_PATHS = "$(inherited) @executable_path/Frameworks";
				PRODUCT_NAME = "$(TARGET_NAME)";
				TARGETED_DEVICE_FAMILY = 1;
			};
			name = Debug;
		};
		FD0430F01B06EEFD0049970C /* Release */ = {
			isa = XCBuildConfiguration;
			buildSettings = {
				ASSETCATALOG_COMPILER_APPICON_NAME = AppIcon;
				INFOPLIST_FILE = WaterFallView/Info.plist;
				LD_RUNPATH_SEARCH_PATHS = "$(inherited) @executable_path/Frameworks";
				PRODUCT_NAME = "$(TARGET_NAME)";
				TARGETED_DEVICE_FAMILY = 1;
			};
			name = Release;
		};
		FD0430F21B06EEFD0049970C /* Debug */ = {
			isa = XCBuildConfiguration;
			buildSettings = {
				BUNDLE_LOADER = "$(TEST_HOST)";
				FRAMEWORK_SEARCH_PATHS = (
					"$(SDKROOT)/Developer/Library/Frameworks",
					"$(inherited)",
				);
				GCC_PREPROCESSOR_DEFINITIONS = (
					"DEBUG=1",
					"$(inherited)",
				);
				INFOPLIST_FILE = WaterFallViewTests/Info.plist;
				LD_RUNPATH_SEARCH_PATHS = "$(inherited) @executable_path/Frameworks @loader_path/Frameworks";
				PRODUCT_NAME = "$(TARGET_NAME)";
				TEST_HOST = "$(BUILT_PRODUCTS_DIR)/WaterFallView.app/WaterFallView";
			};
			name = Debug;
		};
		FD0430F31B06EEFD0049970C /* Release */ = {
			isa = XCBuildConfiguration;
			buildSettings = {
				BUNDLE_LOADER = "$(TEST_HOST)";
				FRAMEWORK_SEARCH_PATHS = (
					"$(SDKROOT)/Developer/Library/Frameworks",
					"$(inherited)",
				);
				INFOPLIST_FILE = WaterFallViewTests/Info.plist;
				LD_RUNPATH_SEARCH_PATHS = "$(inherited) @executable_path/Frameworks @loader_path/Frameworks";
				PRODUCT_NAME = "$(TARGET_NAME)";
				TEST_HOST = "$(BUILT_PRODUCTS_DIR)/WaterFallView.app/WaterFallView";
			};
			name = Release;
		};
/* End XCBuildConfiguration section */

/* Begin XCConfigurationList section */
		FD0430C61B06EEFD0049970C /* Build configuration list for PBXProject "WaterFallView" */ = {
			isa = XCConfigurationList;
			buildConfigurations = (
				FD0430EC1B06EEFD0049970C /* Debug */,
				FD0430ED1B06EEFD0049970C /* Release */,
			);
			defaultConfigurationIsVisible = 0;
			defaultConfigurationName = Release;
		};
		FD0430EE1B06EEFD0049970C /* Build configuration list for PBXNativeTarget "WaterFallView" */ = {
			isa = XCConfigurationList;
			buildConfigurations = (
				FD0430EF1B06EEFD0049970C /* Debug */,
				FD0430F01B06EEFD0049970C /* Release */,
			);
			defaultConfigurationIsVisible = 0;
			defaultConfigurationName = Release;
		};
		FD0430F11B06EEFD0049970C /* Build configuration list for PBXNativeTarget "WaterFallViewTests" */ = {
			isa = XCConfigurationList;
			buildConfigurations = (
				FD0430F21B06EEFD0049970C /* Debug */,
				FD0430F31B06EEFD0049970C /* Release */,
			);
			defaultConfigurationIsVisible = 0;
			defaultConfigurationName = Release;
		};
/* End XCConfigurationList section */
	};
	rootObject = FD0430C31B06EEFD0049970C /* Project object */;
}
